
Microsoft Visual Studio Solution File, Format Version 12.00
# Visual Studio Version 17
VisualStudioVersion = 17.13.35919.96 d17.13
MinimumVisualStudioVersion = 10.0.40219.1
Project("{FAE04EC0-301F-11D3-BF4B-00C04F79EFBC}") = "лаба 6", "лаба 6.csproj", "{DB2DED8C-B44D-4B1D-AA0C-C49C87A1D368}"
EndProject
Global
	GlobalSection(SolutionConfigurationPlatforms) = preSolution
		Debug|Any CPU = Debug|Any CPU
		Release|Any CPU = Release|Any CPU
	EndGlobalSection
	GlobalSection(ProjectConfigurationPlatforms) = postSolution
		{DB2DED8C-B44D-4B1D-AA0C-C49C87A1D368}.Debug|Any CPU.ActiveCfg = Debug|Any CPU
		{DB2DED8C-B44D-4B1D-AA0C-C49C87A1D368}.Debug|Any CPU.Build.0 = Debug|Any CPU
		{DB2DED8C-B44D-4B1D-AA0C-C49C87A1D368}.Release|Any CPU.ActiveCfg = Release|Any CPU
		{DB2DED8C-B44D-4B1D-AA0C-C49C87A1D368}.Release|Any CPU.Build.0 = Release|Any CPU
	EndGlobalSection
	GlobalSection(SolutionProperties) = preSolution
		HideSolutionNode = FALSE
	EndGlobalSection
	GlobalSection(ExtensibilityGlobals) = postSolution
		SolutionGuid = {D531EDCE-D5AB-4B8C-B989-252AE83C76BF}
	EndGlobalSection
EndGlobal
